
Microsoft Visual Studio Solution File, Format Version 12.00
# Visual Studio 11
Project("{FAE04EC0-301F-11D3-BF4B-00C04F79EFBC}") = "XYZ", "XYZ\XYZ.csproj", "{6833E5F0-291C-4B80-BE76-13DECD82B368}"
EndProject
Global
	GlobalSection(SolutionConfigurationPlatforms) = preSolution
		Debug|Any CPU = Debug|Any CPU
		Release|Any CPU = Release|Any CPU
	EndGlobalSection
	GlobalSection(ProjectConfigurationPlatforms) = postSolution
		{6833E5F0-291C-4B80-BE76-13DECD82B368}.Debug|Any CPU.ActiveCfg = Debug|Any CPU
		{6833E5F0-291C-4B80-BE76-13DECD82B368}.Debug|Any CPU.Build.0 = Debug|Any CPU
		{6833E5F0-291C-4B80-BE76-13DECD82B368}.Release|Any CPU.ActiveCfg = Release|Any CPU
		{6833E5F0-291C-4B80-BE76-13DECD82B368}.Release|Any CPU.Build.0 = Release|Any CPU
	EndGlobalSection
	GlobalSection(SolutionProperties) = preSolution
		HideSolutionNode = FALSE
	EndGlobalSection
EndGlobal
